
Microsoft Visual Studio Solution File, Format Version 12.00
# Visual Studio Version 17
VisualStudioVersion = 17.11.35222.181
MinimumVisualStudioVersion = 10.0.40219.1
Project("{FAE04EC0-301F-11D3-BF4B-00C04F79EFBC}") = "EmailSenderLibrary", "EmailSenderLibrary\EmailSenderLibrary.csproj", "{6FAC4900-8E50-4103-97AD-1925B755F4F8}"
EndProject
Global
	GlobalSection(SolutionConfigurationPlatforms) = preSolution
		Debug|Any CPU = Debug|Any CPU
		Release|Any CPU = Release|Any CPU
	EndGlobalSection
	GlobalSection(ProjectConfigurationPlatforms) = postSolution
		{6FAC4900-8E50-4103-97AD-1925B755F4F8}.Debug|Any CPU.ActiveCfg = Debug|Any CPU
		{6FAC4900-8E50-4103-97AD-1925B755F4F8}.Debug|Any CPU.Build.0 = Debug|Any CPU
		{6FAC4900-8E50-4103-97AD-1925B755F4F8}.Release|Any CPU.ActiveCfg = Release|Any CPU
		{6FAC4900-8E50-4103-97AD-1925B755F4F8}.Release|Any CPU.Build.0 = Release|Any CPU
	EndGlobalSection
	GlobalSection(SolutionProperties) = preSolution
		HideSolutionNode = FALSE
	EndGlobalSection
	GlobalSection(ExtensibilityGlobals) = postSolution
		SolutionGuid = {F6CE13AE-E23B-4FD3-8A7B-6B3485F55235}
	EndGlobalSection
EndGlobal
